
Microsoft Visual Studio Solution File, Format Version 12.00
# Visual Studio Version 17
VisualStudioVersion = 17.13.35919.96
MinimumVisualStudioVersion = 10.0.40219.1
Project("{FAE04EC0-301F-11D3-BF4B-00C04F79EFBC}") = "Zadanie 1", "Windows Forms\Zadanie 1.csproj", "{93E8EA60-08F7-4108-AA0D-B9F80F5AFBB4}"
EndProject
Project("{FAE04EC0-301F-11D3-BF4B-00C04F79EFBC}") = "Zadanie 2", "Zadania 2\Zadanie 2.csproj", "{F8912755-4039-4DA5-A66D-5891D9BAABD5}"
EndProject
Project("{FAE04EC0-301F-11D3-BF4B-00C04F79EFBC}") = "ProjektProg", "ProjektProg\ProjektProg.csproj", "{2AFADE39-B7A3-41DC-8701-5DF9C85E6A08}"
EndProject
Global
	GlobalSection(SolutionConfigurationPlatforms) = preSolution
		Debug|Any CPU = Debug|Any CPU
		Release|Any CPU = Release|Any CPU
	EndGlobalSection
	GlobalSection(ProjectConfigurationPlatforms) = postSolution
		{93E8EA60-08F7-4108-AA0D-B9F80F5AFBB4}.Debug|Any CPU.ActiveCfg = Debug|Any CPU
		{93E8EA60-08F7-4108-AA0D-B9F80F5AFBB4}.Debug|Any CPU.Build.0 = Debug|Any CPU
		{93E8EA60-08F7-4108-AA0D-B9F80F5AFBB4}.Release|Any CPU.ActiveCfg = Release|Any CPU
		{93E8EA60-08F7-4108-AA0D-B9F80F5AFBB4}.Release|Any CPU.Build.0 = Release|Any CPU
		{F8912755-4039-4DA5-A66D-5891D9BAABD5}.Debug|Any CPU.ActiveCfg = Debug|Any CPU
		{F8912755-4039-4DA5-A66D-5891D9BAABD5}.Debug|Any CPU.Build.0 = Debug|Any CPU
		{F8912755-4039-4DA5-A66D-5891D9BAABD5}.Release|Any CPU.ActiveCfg = Release|Any CPU
		{F8912755-4039-4DA5-A66D-5891D9BAABD5}.Release|Any CPU.Build.0 = Release|Any CPU
		{2AFADE39-B7A3-41DC-8701-5DF9C85E6A08}.Debug|Any CPU.ActiveCfg = Debug|Any CPU
		{2AFADE39-B7A3-41DC-8701-5DF9C85E6A08}.Debug|Any CPU.Build.0 = Debug|Any CPU
		{2AFADE39-B7A3-41DC-8701-5DF9C85E6A08}.Release|Any CPU.ActiveCfg = Release|Any CPU
		{2AFADE39-B7A3-41DC-8701-5DF9C85E6A08}.Release|Any CPU.Build.0 = Release|Any CPU
	EndGlobalSection
	GlobalSection(SolutionProperties) = preSolution
		HideSolutionNode = FALSE
	EndGlobalSection
	GlobalSection(ExtensibilityGlobals) = postSolution
		SolutionGuid = {F51B5E6D-6E19-4EC5-B864-FD684BD0B735}
	EndGlobalSection
EndGlobal
